
Microsoft Visual Studio Solution File, Format Version 12.00
# Visual Studio Version 16
VisualStudioVersion = 16.0.30611.23
MinimumVisualStudioVersion = 10.0.40219.1
Project("{FAE04EC0-301F-11D3-BF4B-00C04F79EFBC}") = "WideWorldImporters.Web", "WideWorldImporters.Web\WideWorldImporters.Web.csproj", "{8FE91C4E-D4F6-4C0F-B674-9E56120DCD5E}"
EndProject
Global
	GlobalSection(SolutionConfigurationPlatforms) = preSolution
		Debug|Any CPU = Debug|Any CPU
		Release|Any CPU = Release|Any CPU
	EndGlobalSection
	GlobalSection(ProjectConfigurationPlatforms) = postSolution
		{8FE91C4E-D4F6-4C0F-B674-9E56120DCD5E}.Debug|Any CPU.ActiveCfg = Debug|Any CPU
		{8FE91C4E-D4F6-4C0F-B674-9E56120DCD5E}.Debug|Any CPU.Build.0 = Debug|Any CPU
		{8FE91C4E-D4F6-4C0F-B674-9E56120DCD5E}.Release|Any CPU.ActiveCfg = Release|Any CPU
		{8FE91C4E-D4F6-4C0F-B674-9E56120DCD5E}.Release|Any CPU.Build.0 = Release|Any CPU
	EndGlobalSection
	GlobalSection(SolutionProperties) = preSolution
		HideSolutionNode = FALSE
	EndGlobalSection
	GlobalSection(ExtensibilityGlobals) = postSolution
		SolutionGuid = {95FE01D6-714B-4447-90BD-E3104C6002F8}
	EndGlobalSection
EndGlobal
